
Microsoft Visual Studio Solution File, Format Version 12.00
# Visual Studio Version 16
VisualStudioVersion = 16.0.30804.86
MinimumVisualStudioVersion = 10.0.40219.1
Project("{FAE04EC0-301F-11D3-BF4B-00C04F79EFBC}") = "prg2assignment", "prg2assignment\prg2assignment.csproj", "{5335B4CA-AE99-4AED-8B18-F3DC48C8BF2B}"
EndProject
Global
	GlobalSection(SolutionConfigurationPlatforms) = preSolution
		Debug|Any CPU = Debug|Any CPU
		Release|Any CPU = Release|Any CPU
	EndGlobalSection
	GlobalSection(ProjectConfigurationPlatforms) = postSolution
		{5335B4CA-AE99-4AED-8B18-F3DC48C8BF2B}.Debug|Any CPU.ActiveCfg = Debug|Any CPU
		{5335B4CA-AE99-4AED-8B18-F3DC48C8BF2B}.Debug|Any CPU.Build.0 = Debug|Any CPU
		{5335B4CA-AE99-4AED-8B18-F3DC48C8BF2B}.Release|Any CPU.ActiveCfg = Release|Any CPU
		{5335B4CA-AE99-4AED-8B18-F3DC48C8BF2B}.Release|Any CPU.Build.0 = Release|Any CPU
	EndGlobalSection
	GlobalSection(SolutionProperties) = preSolution
		HideSolutionNode = FALSE
	EndGlobalSection
	GlobalSection(ExtensibilityGlobals) = postSolution
		SolutionGuid = {03F558FA-1868-465E-A31E-551C8F976140}
	EndGlobalSection
EndGlobal
